
Microsoft Visual Studio Solution File, Format Version 12.00
# Visual Studio Version 16
VisualStudioVersion = 16.0.31205.134
MinimumVisualStudioVersion = 10.0.40219.1
Project("{FAE04EC0-301F-11D3-BF4B-00C04F79EFBC}") = "CashMachine", "CashMachine.csproj", "{8EDAB64A-CF34-45EA-B50A-E5E69A98B4D1}"
EndProject
Global
	GlobalSection(SolutionConfigurationPlatforms) = preSolution
		Debug|Any CPU = Debug|Any CPU
		Release|Any CPU = Release|Any CPU
	EndGlobalSection
	GlobalSection(ProjectConfigurationPlatforms) = postSolution
		{8EDAB64A-CF34-45EA-B50A-E5E69A98B4D1}.Debug|Any CPU.ActiveCfg = Debug|Any CPU
		{8EDAB64A-CF34-45EA-B50A-E5E69A98B4D1}.Debug|Any CPU.Build.0 = Debug|Any CPU
		{8EDAB64A-CF34-45EA-B50A-E5E69A98B4D1}.Release|Any CPU.ActiveCfg = Release|Any CPU
		{8EDAB64A-CF34-45EA-B50A-E5E69A98B4D1}.Release|Any CPU.Build.0 = Release|Any CPU
	EndGlobalSection
	GlobalSection(SolutionProperties) = preSolution
		HideSolutionNode = FALSE
	EndGlobalSection
	GlobalSection(ExtensibilityGlobals) = postSolution
		SolutionGuid = {C754B41E-8541-4400-BB6E-4C11BF2DB68B}
	EndGlobalSection
EndGlobal
